
Microsoft Visual Studio Solution File, Format Version 12.00
# Visual Studio Version 16
VisualStudioVersion = 16.0.31729.503
MinimumVisualStudioVersion = 10.0.40219.1
Project("{FAE04EC0-301F-11D3-BF4B-00C04F79EFBC}") = "StudentManagementSystem", "StudentManagementSystem\StudentManagementSystem.csproj", "{5BED5D33-A01B-4581-BAB5-BDCF49516EEC}"
EndProject
Global
	GlobalSection(SolutionConfigurationPlatforms) = preSolution
		Debug|Any CPU = Debug|Any CPU
		Release|Any CPU = Release|Any CPU
	EndGlobalSection
	GlobalSection(ProjectConfigurationPlatforms) = postSolution
		{5BED5D33-A01B-4581-BAB5-BDCF49516EEC}.Debug|Any CPU.ActiveCfg = Debug|Any CPU
		{5BED5D33-A01B-4581-BAB5-BDCF49516EEC}.Debug|Any CPU.Build.0 = Debug|Any CPU
		{5BED5D33-A01B-4581-BAB5-BDCF49516EEC}.Release|Any CPU.ActiveCfg = Release|Any CPU
		{5BED5D33-A01B-4581-BAB5-BDCF49516EEC}.Release|Any CPU.Build.0 = Release|Any CPU
	EndGlobalSection
	GlobalSection(SolutionProperties) = preSolution
		HideSolutionNode = FALSE
	EndGlobalSection
	GlobalSection(ExtensibilityGlobals) = postSolution
		SolutionGuid = {0F2A00FE-A2F3-43F9-9B73-128BA39A6931}
	EndGlobalSection
EndGlobal
